
Microsoft Visual Studio Solution File, Format Version 12.00
# Visual Studio Version 17
VisualStudioVersion = 17.2.32630.192
MinimumVisualStudioVersion = 10.0.40219.1
Project("{9A19103F-16F7-4668-BE54-9A1E7A4F7556}") = "R5T.T0193", "R5T.T0193\R5T.T0193.csproj", "{95D38D0D-50C8-4F76-9634-BE9DA27B8936}"
EndProject
Global
	GlobalSection(SolutionConfigurationPlatforms) = preSolution
		Debug|Any CPU = Debug|Any CPU
		Release|Any CPU = Release|Any CPU
	EndGlobalSection
	GlobalSection(ProjectConfigurationPlatforms) = postSolution
		{95D38D0D-50C8-4F76-9634-BE9DA27B8936}.Debug|Any CPU.ActiveCfg = Debug|Any CPU
		{95D38D0D-50C8-4F76-9634-BE9DA27B8936}.Debug|Any CPU.Build.0 = Debug|Any CPU
		{95D38D0D-50C8-4F76-9634-BE9DA27B8936}.Release|Any CPU.ActiveCfg = Release|Any CPU
		{95D38D0D-50C8-4F76-9634-BE9DA27B8936}.Release|Any CPU.Build.0 = Release|Any CPU
	EndGlobalSection
	GlobalSection(SolutionProperties) = preSolution
		HideSolutionNode = FALSE
	EndGlobalSection
	GlobalSection(ExtensibilityGlobals) = postSolution
		SolutionGuid = {A692A5E2-08EE-43BB-B9FE-3425CA844EED}
	EndGlobalSection
EndGlobal
